// !$*UTF8*$!
{
	archiveVersion = 1;
	classes = {
	};
	objectVersion = 48;
	objects = {

/* Begin PBXBuildFile section */
		AD5C882A1F286DCB0029EEEB /* SearchResultCell.swift in Sources */ = {isa = PBXBuildFile; fileRef = AD5C88291F286DCB0029EEEB /* SearchResultCell.swift */; };
		AD7E7BF41F2983BE00D928E1 /* LoadingCell.xib in Resources */ = {isa = PBXBuildFile; fileRef = AD7E7BF31F2983BE00D928E1 /* LoadingCell.xib */; };
		AD85143A1F298C8B008FE540 /* NothingFoundCell.xib in Resources */ = {isa = PBXBuildFile; fileRef = AD8514391F298C8B008FE540 /* NothingFoundCell.xib */; };
		AD93A1911F282EEE005C151B /* AppDelegate.swift in Sources */ = {isa = PBXBuildFile; fileRef = AD93A1901F282EEE005C151B /* AppDelegate.swift */; };
		AD93A1931F282EEF005C151B /* SearchViewController.swift in Sources */ = {isa = PBXBuildFile; fileRef = AD93A1921F282EEF005C151B /* SearchViewController.swift */; };
		AD93A1961F282EEF005C151B /* Main.storyboard in Resources */ = {isa = PBXBuildFile; fileRef = AD93A1941F282EEF005C151B /* Main.storyboard */; };
		AD93A1991F282EEF005C151B /* StoreSearch.xcdatamodeld in Sources */ = {isa = PBXBuildFile; fileRef = AD93A1971F282EEF005C151B /* StoreSearch.xcdatamodeld */; };
		AD93A19B1F282EEF005C151B /* Assets.xcassets in Resources */ = {isa = PBXBuildFile; fileRef = AD93A19A1F282EEF005C151B /* Assets.xcassets */; };
		AD93A19E1F282EEF005C151B /* LaunchScreen.storyboard in Resources */ = {isa = PBXBuildFile; fileRef = AD93A19C1F282EEF005C151B /* LaunchScreen.storyboard */; };
		AD93A1A91F282EEF005C151B /* StoreSearchTests.swift in Sources */ = {isa = PBXBuildFile; fileRef = AD93A1A81F282EEF005C151B /* StoreSearchTests.swift */; };
		AD93A1B41F282EEF005C151B /* StoreSearchUITests.swift in Sources */ = {isa = PBXBuildFile; fileRef = AD93A1B31F282EEF005C151B /* StoreSearchUITests.swift */; };
		AD93A1C21F284283005C151B /* SearchResult.swift in Sources */ = {isa = PBXBuildFile; fileRef = AD93A1C11F284283005C151B /* SearchResult.swift */; };
		AD93A1C41F285194005C151B /* SearchResultCell.xib in Resources */ = {isa = PBXBuildFile; fileRef = AD93A1C31F285194005C151B /* SearchResultCell.xib */; };
/* End PBXBuildFile section */

/* Begin PBXContainerItemProxy section */
		AD93A1A51F282EEF005C151B /* PBXContainerItemProxy */ = {
			isa = PBXContainerItemProxy;
			containerPortal = AD93A1851F282EEE005C151B /* Project object */;
			proxyType = 1;
			remoteGlobalIDString = AD93A18C1F282EEE005C151B;
			remoteInfo = StoreSearch;
		};
		AD93A1B01F282EEF005C151B /* PBXContainerItemProxy */ = {
			isa = PBXContainerItemProxy;
			containerPortal = AD93A1851F282EEE005C151B /* Project object */;
			proxyType = 1;
			remoteGlobalIDString = AD93A18C1F282EEE005C151B;
			remoteInfo = StoreSearch;
		};
/* End PBXContainerItemProxy section */

/* Begin PBXFileReference section */
		AD5C88291F286DCB0029EEEB /* SearchResultCell.swift */ = {isa = PBXFileReference; lastKnownFileType = sourcecode.swift; path = SearchResultCell.swift; sourceTree = "<group>"; };
		AD7E7BF31F2983BE00D928E1 /* LoadingCell.xib */ = {isa = PBXFileReference; lastKnownFileType = file.xib; path = LoadingCell.xib; sourceTree = "<group>"; };
		AD8514391F298C8B008FE540 /* NothingFoundCell.xib */ = {isa = PBXFileReference; fileEncoding = 4; lastKnownFileType = file.xib; name = NothingFoundCell.xib; path = "../../iOS Ray Books/The iOS Apprentice 4 - StoreSearch/Source Code/04 - Async Networking/StoreSearch/NothingFoundCell.xib"; sourceTree = "<group>"; };
		AD93A18D1F282EEE005C151B /* StoreSearch.app */ = {isa = PBXFileReference; explicitFileType = wrapper.application; includeInIndex = 0; path = StoreSearch.app; sourceTree = BUILT_PRODUCTS_DIR; };
		AD93A1901F282EEE005C151B /* AppDelegate.swift */ = {isa = PBXFileReference; lastKnownFileType = sourcecode.swift; path = AppDelegate.swift; sourceTree = "<group>"; };
		AD93A1921F282EEF005C151B /* SearchViewController.swift */ = {isa = PBXFileReference; lastKnownFileType = sourcecode.swift; path = SearchViewController.swift; sourceTree = "<group>"; };
		AD93A1951F282EEF005C151B /* Base */ = {isa = PBXFileReference; lastKnownFileType = file.storyboard; name = Base; path = Base.lproj/Main.storyboard; sourceTree = "<group>"; };
		AD93A1981F282EEF005C151B /* StoreSearch.xcdatamodel */ = {isa = PBXFileReference; lastKnownFileType = wrapper.xcdatamodel; path = StoreSearch.xcdatamodel; sourceTree = "<group>"; };
		AD93A19A1F282EEF005C151B /* Assets.xcassets */ = {isa = PBXFileReference; lastKnownFileType = folder.assetcatalog; path = Assets.xcassets; sourceTree = "<group>"; };
		AD93A19D1F282EEF005C151B /* Base */ = {isa = PBXFileReference; lastKnownFileType = file.storyboard; name = Base; path = Base.lproj/LaunchScreen.storyboard; sourceTree = "<group>"; };
		AD93A19F1F282EEF005C151B /* Info.plist */ = {isa = PBXFileReference; lastKnownFileType = text.plist.xml; path = Info.plist; sourceTree = "<group>"; };
		AD93A1A41F282EEF005C151B /* StoreSearchTests.xctest */ = {isa = PBXFileReference; explicitFileType = wrapper.cfbundle; includeInIndex = 0; path = StoreSearchTests.xctest; sourceTree = BUILT_PRODUCTS_DIR; };
		AD93A1A81F282EEF005C151B /* StoreSearchTests.swift */ = {isa = PBXFileReference; lastKnownFileType = sourcecode.swift; path = StoreSearchTests.swift; sourceTree = "<group>"; };
		AD93A1AA1F282EEF005C151B /* Info.plist */ = {isa = PBXFileReference; lastKnownFileType = text.plist.xml; path = Info.plist; sourceTree = "<group>"; };
		AD93A1AF1F282EEF005C151B /* StoreSearchUITests.xctest */ = {isa = PBXFileReference; explicitFileType = wrapper.cfbundle; includeInIndex = 0; path = StoreSearchUITests.xctest; sourceTree = BUILT_PRODUCTS_DIR; };
		AD93A1B31F282EEF005C151B /* StoreSearchUITests.swift */ = {isa = PBXFileReference; lastKnownFileType = sourcecode.swift; path = StoreSearchUITests.swift; sourceTree = "<group>"; };
		AD93A1B51F282EEF005C151B /* Info.plist */ = {isa = PBXFileReference; lastKnownFileType = text.plist.xml; path = Info.plist; sourceTree = "<group>"; };
		AD93A1C11F284283005C151B /* SearchResult.swift */ = {isa = PBXFileReference; lastKnownFileType = sourcecode.swift; path = SearchResult.swift; sourceTree = "<group>"; };
		AD93A1C31F285194005C151B /* SearchResultCell.xib */ = {isa = PBXFileReference; lastKnownFileType = file.xib; path = SearchResultCell.xib; sourceTree = "<group>"; };
/* End PBXFileReference section */

/* Begin PBXFrameworksBuildPhase section */
		AD93A18A1F282EEE005C151B /* Frameworks */ = {
			isa = PBXFrameworksBuildPhase;
			buildActionMask = 2147483647;
			files = (
			);
			runOnlyForDeploymentPostprocessing = 0;
		};
		AD93A1A11F282EEF005C151B /* Frameworks */ = {
			isa = PBXFrameworksBuildPhase;
			buildActionMask = 2147483647;
			files = (
			);
			runOnlyForDeploymentPostprocessing = 0;
		};
		AD93A1AC1F282EEF005C151B /* Frameworks */ = {
			isa = PBXFrameworksBuildPhase;
			buildActionMask = 2147483647;
			files = (
			);
			runOnlyForDeploymentPostprocessing = 0;
		};
/* End PBXFrameworksBuildPhase section */

/* Begin PBXGroup section */
		AD93A1841F282EEE005C151B = {
			isa = PBXGroup;
			children = (
				AD93A18F1F282EEE005C151B /* StoreSearch */,
				AD93A1A71F282EEF005C151B /* StoreSearchTests */,
				AD93A1B21F282EEF005C151B /* StoreSearchUITests */,
				AD93A18E1F282EEE005C151B /* Products */,
			);
			sourceTree = "<group>";
		};
		AD93A18E1F282EEE005C151B /* Products */ = {
			isa = PBXGroup;
			children = (
				AD93A18D1F282EEE005C151B /* StoreSearch.app */,
				AD93A1A41F282EEF005C151B /* StoreSearchTests.xctest */,
				AD93A1AF1F282EEF005C151B /* StoreSearchUITests.xctest */,
			);
			name = Products;
			sourceTree = "<group>";
		};
		AD93A18F1F282EEE005C151B /* StoreSearch */ = {
			isa = PBXGroup;
			children = (
				AD93A1901F282EEE005C151B /* AppDelegate.swift */,
				AD93A1921F282EEF005C151B /* SearchViewController.swift */,
				AD5C88291F286DCB0029EEEB /* SearchResultCell.swift */,
				AD93A1C31F285194005C151B /* SearchResultCell.xib */,
				AD7E7BF31F2983BE00D928E1 /* LoadingCell.xib */,
				AD8514391F298C8B008FE540 /* NothingFoundCell.xib */,
				AD93A1C11F284283005C151B /* SearchResult.swift */,
				AD93A1941F282EEF005C151B /* Main.storyboard */,
				AD93A19A1F282EEF005C151B /* Assets.xcassets */,
				AD93A19C1F282EEF005C151B /* LaunchScreen.storyboard */,
				AD93A19F1F282EEF005C151B /* Info.plist */,
				AD93A1971F282EEF005C151B /* StoreSearch.xcdatamodeld */,
			);
			path = StoreSearch;
			sourceTree = "<group>";
		};
		AD93A1A71F282EEF005C151B /* StoreSearchTests */ = {
			isa = PBXGroup;
			children = (
				AD93A1A81F282EEF005C151B /* StoreSearchTests.swift */,
				AD93A1AA1F282EEF005C151B /* Info.plist */,
			);
			path = StoreSearchTests;
			sourceTree = "<group>";
		};
		AD93A1B21F282EEF005C151B /* StoreSearchUITests */ = {
			isa = PBXGroup;
			children = (
				AD93A1B31F282EEF005C151B /* StoreSearchUITests.swift */,
				AD93A1B51F282EEF005C151B /* Info.plist */,
			);
			path = StoreSearchUITests;
			sourceTree = "<group>";
		};
/* End PBXGroup section */

/* Begin PBXNativeTarget section */
		AD93A18C1F282EEE005C151B /* StoreSearch */ = {
			isa = PBXNativeTarget;
			buildConfigurationList = AD93A1B81F282EEF005C151B /* Build configuration list for PBXNativeTarget "StoreSearch" */;
			buildPhases = (
				AD93A1891F282EEE005C151B /* Sources */,
				AD93A18A1F282EEE005C151B /* Frameworks */,
				AD93A18B1F282EEE005C151B /* Resources */,
			);
			buildRules = (
			);
			dependencies = (
			);
			name = StoreSearch;
			productName = StoreSearch;
			productReference = AD93A18D1F282EEE005C151B /* StoreSearch.app */;
			productType = "com.apple.product-type.application";
		};
		AD93A1A31F282EEF005C151B /* StoreSearchTests */ = {
			isa = PBXNativeTarget;
			buildConfigurationList = AD93A1BB1F282EEF005C151B /* Build configuration list for PBXNativeTarget "StoreSearchTests" */;
			buildPhases = (
				AD93A1A01F282EEF005C151B /* Sources */,
				AD93A1A11F282EEF005C151B /* Frameworks */,
				AD93A1A21F282EEF005C151B /* Resources */,
			);
			buildRules = (
			);
			dependencies = (
				AD93A1A61F282EEF005C151B /* PBXTargetDependency */,
			);
			name = StoreSearchTests;
			productName = StoreSearchTests;
			productReference = AD93A1A41F282EEF005C151B /* StoreSearchTests.xctest */;
			productType = "com.apple.product-type.bundle.unit-test";
		};
		AD93A1AE1F282EEF005C151B /* StoreSearchUITests */ = {
			isa = PBXNativeTarget;
			buildConfigurationList = AD93A1BE1F282EEF005C151B /* Build configuration list for PBXNativeTarget "StoreSearchUITests" */;
			buildPhases = (
				AD93A1AB1F282EEF005C151B /* Sources */,
				AD93A1AC1F282EEF005C151B /* Frameworks */,
				AD93A1AD1F282EEF005C151B /* Resources */,
			);
			buildRules = (
			);
			dependencies = (
				AD93A1B11F282EEF005C151B /* PBXTargetDependency */,
			);
			name = StoreSearchUITests;
			productName = StoreSearchUITests;
			productReference = AD93A1AF1F282EEF005C151B /* StoreSearchUITests.xctest */;
			productType = "com.apple.product-type.bundle.ui-testing";
		};
/* End PBXNativeTarget section */

/* Begin PBXProject section */
		AD93A1851F282EEE005C151B /* Project object */ = {
			isa = PBXProject;
			attributes = {
				LastSwiftUpdateCheck = 0900;
				LastUpgradeCheck = 0900;
				ORGANIZATIONNAME = Cliqers;
				TargetAttributes = {
					AD93A18C1F282EEE005C151B = {
						CreatedOnToolsVersion = 9.0;
					};
					AD93A1A31F282EEF005C151B = {
						CreatedOnToolsVersion = 9.0;
						TestTargetID = AD93A18C1F282EEE005C151B;
					};
					AD93A1AE1F282EEF005C151B = {
						CreatedOnToolsVersion = 9.0;
						TestTargetID = AD93A18C1F282EEE005C151B;
					};
				};
			};
			buildConfigurationList = AD93A1881F282EEE005C151B /* Build configuration list for PBXProject "StoreSearch" */;
			compatibilityVersion = "Xcode 8.0";
			developmentRegion = en;
			hasScannedForEncodings = 0;
			knownRegions = (
				en,
				Base,
			);
			mainGroup = AD93A1841F282EEE005C151B;
			productRefGroup = AD93A18E1F282EEE005C151B /* Products */;
			projectDirPath = "";
			projectRoot = "";
			targets = (
				AD93A18C1F282EEE005C151B /* StoreSearch */,
				AD93A1A31F282EEF005C151B /* StoreSearchTests */,
				AD93A1AE1F282EEF005C151B /* StoreSearchUITests */,
			);
		};
/* End PBXProject section */

/* Begin PBXResourcesBuildPhase section */
		AD93A18B1F282EEE005C151B /* Resources */ = {
			isa = PBXResourcesBuildPhase;
			buildActionMask = 2147483647;
			files = (
				AD93A19E1F282EEF005C151B /* LaunchScreen.storyboard in Resources */,
				AD93A19B1F282EEF005C151B /* Assets.xcassets in Resources */,
				AD85143A1F298C8B008FE540 /* NothingFoundCell.xib in Resources */,
				AD93A1C41F285194005C151B /* SearchResultCell.xib in Resources */,
				AD7E7BF41F2983BE00D928E1 /* LoadingCell.xib in Resources */,
				AD93A1961F282EEF005C151B /* Main.storyboard in Resources */,
			);
			runOnlyForDeploymentPostprocessing = 0;
		};
		AD93A1A21F282EEF005C151B /* Resources */ = {
			isa = PBXResourcesBuildPhase;
			buildActionMask = 2147483647;
			files = (
			);
			runOnlyForDeploymentPostprocessing = 0;
		};
		AD93A1AD1F282EEF005C151B /* Resources */ = {
			isa = PBXResourcesBuildPhase;
			buildActionMask = 2147483647;
			files = (
			);
			runOnlyForDeploymentPostprocessing = 0;
		};
/* End PBXResourcesBuildPhase section */

/* Begin PBXSourcesBuildPhase section */
		AD93A1891F282EEE005C151B /* Sources */ = {
			isa = PBXSourcesBuildPhase;
			buildActionMask = 2147483647;
			files = (
				AD93A1931F282EEF005C151B /* SearchViewController.swift in Sources */,
				AD93A1911F282EEE005C151B /* AppDelegate.swift in Sources */,
				AD93A1C21F284283005C151B /* SearchResult.swift in Sources */,
				AD93A1991F282EEF005C151B /* StoreSearch.xcdatamodeld in Sources */,
				AD5C882A1F286DCB0029EEEB /* SearchResultCell.swift in Sources */,
			);
			runOnlyForDeploymentPostprocessing = 0;
		};
		AD93A1A01F282EEF005C151B /* Sources */ = {
			isa = PBXSourcesBuildPhase;
			buildActionMask = 2147483647;
			files = (
				AD93A1A91F282EEF005C151B /* StoreSearchTests.swift in Sources */,
			);
			runOnlyForDeploymentPostprocessing = 0;
		};
		AD93A1AB1F282EEF005C151B /* Sources */ = {
			isa = PBXSourcesBuildPhase;
			buildActionMask = 2147483647;
			files = (
				AD93A1B41F282EEF005C151B /* StoreSearchUITests.swift in Sources */,
			);
			runOnlyForDeploymentPostprocessing = 0;
		};
/* End PBXSourcesBuildPhase section */

/* Begin PBXTargetDependency section */
		AD93A1A61F282EEF005C151B /* PBXTargetDependency */ = {
			isa = PBXTargetDependency;
			target = AD93A18C1F282EEE005C151B /* StoreSearch */;
			targetProxy = AD93A1A51F282EEF005C151B /* PBXContainerItemProxy */;
		};
		AD93A1B11F282EEF005C151B /* PBXTargetDependency */ = {
			isa = PBXTargetDependency;
			target = AD93A18C1F282EEE005C151B /* StoreSearch */;
			targetProxy = AD93A1B01F282EEF005C151B /* PBXContainerItemProxy */;
		};
/* End PBXTargetDependency section */

/* Begin PBXVariantGroup section */
		AD93A1941F282EEF005C151B /* Main.storyboard */ = {
			isa = PBXVariantGroup;
			children = (
				AD93A1951F282EEF005C151B /* Base */,
			);
			name = Main.storyboard;
			sourceTree = "<group>";
		};
		AD93A19C1F282EEF005C151B /* LaunchScreen.storyboard */ = {
			isa = PBXVariantGroup;
			children = (
				AD93A19D1F282EEF005C151B /* Base */,
			);
			name = LaunchScreen.storyboard;
			sourceTree = "<group>";
		};
/* End PBXVariantGroup section */

/* Begin XCBuildConfiguration section */
		AD93A1B61F282EEF005C151B /* Debug */ = {
			isa = XCBuildConfiguration;
			buildSettings = {
				ALWAYS_SEARCH_USER_PATHS = NO;
				CLANG_ANALYZER_NONNULL = YES;
				CLANG_ANALYZER_NUMBER_OBJECT_CONVERSION = YES_AGGRESSIVE;
				CLANG_CXX_LANGUAGE_STANDARD = "gnu++14";
				CLANG_CXX_LIBRARY = "libc++";
				CLANG_ENABLE_MODULES = YES;
				CLANG_ENABLE_OBJC_ARC = YES;
				CLANG_WARN_BLOCK_CAPTURE_AUTORELEASING = YES;
				CLANG_WARN_BOOL_CONVERSION = YES;
				CLANG_WARN_COMMA = YES;
				CLANG_WARN_CONSTANT_CONVERSION = YES;
				CLANG_WARN_DIRECT_OBJC_ISA_USAGE = YES_ERROR;
				CLANG_WARN_DOCUMENTATION_COMMENTS = YES;
				CLANG_WARN_EMPTY_BODY = YES;
				CLANG_WARN_ENUM_CONVERSION = YES;
				CLANG_WARN_INFINITE_RECURSION = YES;
				CLANG_WARN_INT_CONVERSION = YES;
				CLANG_WARN_OBJC_ROOT_CLASS = YES_ERROR;
				CLANG_WARN_RANGE_LOOP_ANALYSIS = YES;
				CLANG_WARN_STRICT_PROTOTYPES = YES;
				CLANG_WARN_SUSPICIOUS_MOVE = YES;
				CLANG_WARN_UNGUARDED_AVAILABILITY = YES_AGGRESSIVE;
				CLANG_WARN_UNREACHABLE_CODE = YES;
				CLANG_WARN__DUPLICATE_METHOD_MATCH = YES;
				CODE_SIGN_IDENTITY = "iPhone Developer";
				COPY_PHASE_STRIP = NO;
				DEBUG_INFORMATION_FORMAT = dwarf;
				ENABLE_STRICT_OBJC_MSGSEND = YES;
				ENABLE_TESTABILITY = YES;
				GCC_C_LANGUAGE_STANDARD = gnu11;
				GCC_DYNAMIC_NO_PIC = NO;
				GCC_NO_COMMON_BLOCKS = YES;
				GCC_OPTIMIZATION_LEVEL = 0;
				GCC_PREPROCESSOR_DEFINITIONS = (
					"DEBUG=1",
					"$(inherited)",
				);
				GCC_WARN_64_TO_32_BIT_CONVERSION = YES;
				GCC_WARN_ABOUT_RETURN_TYPE = YES_ERROR;
				GCC_WARN_UNDECLARED_SELECTOR = YES;
				GCC_WARN_UNINITIALIZED_AUTOS = YES_AGGRESSIVE;
				GCC_WARN_UNUSED_FUNCTION = YES;
				GCC_WARN_UNUSED_VARIABLE = YES;
				IPHONEOS_DEPLOYMENT_TARGET = 11.0;
				MTL_ENABLE_DEBUG_INFO = YES;
				ONLY_ACTIVE_ARCH = YES;
				SDKROOT = iphoneos;
				SWIFT_ACTIVE_COMPILATION_CONDITIONS = DEBUG;
				SWIFT_OPTIMIZATION_LEVEL = "-Onone";
			};
			name = Debug;
		};
		AD93A1B71F282EEF005C151B /* Release */ = {
			isa = XCBuildConfiguration;
			buildSettings = {
				ALWAYS_SEARCH_USER_PATHS = NO;
				CLANG_ANALYZER_NONNULL = YES;
				CLANG_ANALYZER_NUMBER_OBJECT_CONVERSION = YES_AGGRESSIVE;
				CLANG_CXX_LANGUAGE_STANDARD = "gnu++14";
				CLANG_CXX_LIBRARY = "libc++";
				CLANG_ENABLE_MODULES = YES;
				CLANG_ENABLE_OBJC_ARC = YES;
				CLANG_WARN_BLOCK_CAPTURE_AUTORELEASING = YES;
				CLANG_WARN_BOOL_CONVERSION = YES;
				CLANG_WARN_COMMA = YES;
				CLANG_WARN_CONSTANT_CONVERSION = YES;
				CLANG_WARN_DIRECT_OBJC_ISA_USAGE = YES_ERROR;
				CLANG_WARN_DOCUMENTATION_COMMENTS = YES;
				CLANG_WARN_EMPTY_BODY = YES;
				CLANG_WARN_ENUM_CONVERSION = YES;
				CLANG_WARN_INFINITE_RECURSION = YES;
				CLANG_WARN_INT_CONVERSION = YES;
				CLANG_WARN_OBJC_ROOT_CLASS = YES_ERROR;
				CLANG_WARN_RANGE_LOOP_ANALYSIS = YES;
				CLANG_WARN_STRICT_PROTOTYPES = YES;
				CLANG_WARN_SUSPICIOUS_MOVE = YES;
				CLANG_WARN_UNGUARDED_AVAILABILITY = YES_AGGRESSIVE;
				CLANG_WARN_UNREACHABLE_CODE = YES;
				CLANG_WARN__DUPLICATE_METHOD_MATCH = YES;
				CODE_SIGN_IDENTITY = "iPhone Developer";
				COPY_PHASE_STRIP = NO;
				DEBUG_INFORMATION_FORMAT = "dwarf-with-dsym";
				ENABLE_NS_ASSERTIONS = NO;
				ENABLE_STRICT_OBJC_MSGSEND = YES;
				GCC_C_LANGUAGE_STANDARD = gnu11;
				GCC_NO_COMMON_BLOCKS = YES;
				GCC_WARN_64_TO_32_BIT_CONVERSION = YES;
				GCC_WARN_ABOUT_RETURN_TYPE = YES_ERROR;
				GCC_WARN_UNDECLARED_SELECTOR = YES;
				GCC_WARN_UNINITIALIZED_AUTOS = YES_AGGRESSIVE;
				GCC_WARN_UNUSED_FUNCTION = YES;
				GCC_WARN_UNUSED_VARIABLE = YES;
				IPHONEOS_DEPLOYMENT_TARGET = 11.0;
				MTL_ENABLE_DEBUG_INFO = NO;
				SDKROOT = iphoneos;
				SWIFT_OPTIMIZATION_LEVEL = "-Owholemodule";
				VALIDATE_PRODUCT = YES;
			};
			name = Release;
		};
		AD93A1B91F282EEF005C151B /* Debug */ = {
			isa = XCBuildConfiguration;
			buildSettings = {
				ASSETCATALOG_COMPILER_APPICON_NAME = AppIcon;
				DEVELOPMENT_TEAM = QCPGP4ADDR;
				INFOPLIST_FILE = StoreSearch/Info.plist;
				LD_RUNPATH_SEARCH_PATHS = "$(inherited) @executable_path/Frameworks";
				PRODUCT_BUNDLE_IDENTIFIER = com.cliqers.StoreSearch;
				PRODUCT_NAME = "$(TARGET_NAME)";
				SWIFT_VERSION = 4.0;
				TARGETED_DEVICE_FAMILY = "1,2";
			};
			name = Debug;
		};
		AD93A1BA1F282EEF005C151B /* Release */ = {
			isa = XCBuildConfiguration;
			buildSettings = {
				ASSETCATALOG_COMPILER_APPICON_NAME = AppIcon;
				DEVELOPMENT_TEAM = QCPGP4ADDR;
				INFOPLIST_FILE = StoreSearch/Info.plist;
				LD_RUNPATH_SEARCH_PATHS = "$(inherited) @executable_path/Frameworks";
				PRODUCT_BUNDLE_IDENTIFIER = com.cliqers.StoreSearch;
				PRODUCT_NAME = "$(TARGET_NAME)";
				SWIFT_VERSION = 4.0;
				TARGETED_DEVICE_FAMILY = "1,2";
			};
			name = Release;
		};
		AD93A1BC1F282EEF005C151B /* Debug */ = {
			isa = XCBuildConfiguration;
			buildSettings = {
				ALWAYS_EMBED_SWIFT_STANDARD_LIBRARIES = YES;
				BUNDLE_LOADER = "$(TEST_HOST)";
				DEVELOPMENT_TEAM = QCPGP4ADDR;
				INFOPLIST_FILE = StoreSearchTests/Info.plist;
				LD_RUNPATH_SEARCH_PATHS = "$(inherited) @executable_path/Frameworks @loader_path/Frameworks";
				PRODUCT_BUNDLE_IDENTIFIER = com.cliqers.StoreSearchTests;
				PRODUCT_NAME = "$(TARGET_NAME)";
				SWIFT_VERSION = 4.0;
				TARGETED_DEVICE_FAMILY = "1,2";
				TEST_HOST = "$(BUILT_PRODUCTS_DIR)/StoreSearch.app/StoreSearch";
			};
			name = Debug;
		};
		AD93A1BD1F282EEF005C151B /* Release */ = {
			isa = XCBuildConfiguration;
			buildSettings = {
				ALWAYS_EMBED_SWIFT_STANDARD_LIBRARIES = YES;
				BUNDLE_LOADER = "$(TEST_HOST)";
				DEVELOPMENT_TEAM = QCPGP4ADDR;
				INFOPLIST_FILE = StoreSearchTests/Info.plist;
				LD_RUNPATH_SEARCH_PATHS = "$(inherited) @executable_path/Frameworks @loader_path/Frameworks";
				PRODUCT_BUNDLE_IDENTIFIER = com.cliqers.StoreSearchTests;
				PRODUCT_NAME = "$(TARGET_NAME)";
				SWIFT_VERSION = 4.0;
				TARGETED_DEVICE_FAMILY = "1,2";
				TEST_HOST = "$(BUILT_PRODUCTS_DIR)/StoreSearch.app/StoreSearch";
			};
			name = Release;
		};
		AD93A1BF1F282EEF005C151B /* Debug */ = {
			isa = XCBuildConfiguration;
			buildSettings = {
				ALWAYS_EMBED_SWIFT_STANDARD_LIBRARIES = YES;
				DEVELOPMENT_TEAM = QCPGP4ADDR;
				INFOPLIST_FILE = StoreSearchUITests/Info.plist;
				LD_RUNPATH_SEARCH_PATHS = "$(inherited) @executable_path/Frameworks @loader_path/Frameworks";
				PRODUCT_BUNDLE_IDENTIFIER = com.cliqers.StoreSearchUITests;
				PRODUCT_NAME = "$(TARGET_NAME)";
				SWIFT_VERSION = 4.0;
				TARGETED_DEVICE_FAMILY = "1,2";
				TEST_TARGET_NAME = StoreSearch;
			};
			name = Debug;
		};
		AD93A1C01F282EEF005C151B /* Release */ = {
			isa = XCBuildConfiguration;
			buildSettings = {
				ALWAYS_EMBED_SWIFT_STANDARD_LIBRARIES = YES;
				DEVELOPMENT_TEAM = QCPGP4ADDR;
				INFOPLIST_FILE = StoreSearchUITests/Info.plist;
				LD_RUNPATH_SEARCH_PATHS = "$(inherited) @executable_path/Frameworks @loader_path/Frameworks";
				PRODUCT_BUNDLE_IDENTIFIER = com.cliqers.StoreSearchUITests;
				PRODUCT_NAME = "$(TARGET_NAME)";
				SWIFT_VERSION = 4.0;
				TARGETED_DEVICE_FAMILY = "1,2";
				TEST_TARGET_NAME = StoreSearch;
			};
			name = Release;
		};
/* End XCBuildConfiguration section */

/* Begin XCConfigurationList section */
		AD93A1881F282EEE005C151B /* Build configuration list for PBXProject "StoreSearch" */ = {
			isa = XCConfigurationList;
			buildConfigurations = (
				AD93A1B61F282EEF005C151B /* Debug */,
				AD93A1B71F282EEF005C151B /* Release */,
			);
			defaultConfigurationIsVisible = 0;
			defaultConfigurationName = Release;
		};
		AD93A1B81F282EEF005C151B /* Build configuration list for PBXNativeTarget "StoreSearch" */ = {
			isa = XCConfigurationList;
			buildConfigurations = (
				AD93A1B91F282EEF005C151B /* Debug */,
				AD93A1BA1F282EEF005C151B /* Release */,
			);
			defaultConfigurationIsVisible = 0;
			defaultConfigurationName = Release;
		};
		AD93A1BB1F282EEF005C151B /* Build configuration list for PBXNativeTarget "StoreSearchTests" */ = {
			isa = XCConfigurationList;
			buildConfigurations = (
				AD93A1BC1F282EEF005C151B /* Debug */,
				AD93A1BD1F282EEF005C151B /* Release */,
			);
			defaultConfigurationIsVisible = 0;
			defaultConfigurationName = Release;
		};
		AD93A1BE1F282EEF005C151B /* Build configuration list for PBXNativeTarget "StoreSearchUITests" */ = {
			isa = XCConfigurationList;
			buildConfigurations = (
				AD93A1BF1F282EEF005C151B /* Debug */,
				AD93A1C01F282EEF005C151B /* Release */,
			);
			defaultConfigurationIsVisible = 0;
			defaultConfigurationName = Release;
		};
/* End XCConfigurationList section */

/* Begin XCVersionGroup section */
		AD93A1971F282EEF005C151B /* StoreSearch.xcdatamodeld */ = {
			isa = XCVersionGroup;
			children = (
				AD93A1981F282EEF005C151B /* StoreSearch.xcdatamodel */,
			);
			currentVersion = AD93A1981F282EEF005C151B /* StoreSearch.xcdatamodel */;
			path = StoreSearch.xcdatamodeld;
			sourceTree = "<group>";
			versionGroupType = wrapper.xcdatamodel;
		};
/* End XCVersionGroup section */
	};
	rootObject = AD93A1851F282EEE005C151B /* Project object */;
}
